
Microsoft Visual Studio Solution File, Format Version 12.00
# Visual Studio Version 17
VisualStudioVersion = 17.6.33712.159
MinimumVisualStudioVersion = 10.0.40219.1
Project("{2150E333-8FDC-42A3-9474-1A3956D46DE8}") = "src", "src", "{7322EDA3-422B-4462-BAB6-92B0A0E7C24B}"
EndProject
Project("{2150E333-8FDC-42A3-9474-1A3956D46DE8}") = "additional", "additional", "{E08D37D2-56F3-44BC-90B0-41C9484A8834}"
EndProject
Project("{2150E333-8FDC-42A3-9474-1A3956D46DE8}") = "tests", "tests", "{F32BF54F-D21C-45C5-9523-3C5950305AC2}"
EndProject
Project("{9A19103F-16F7-4668-BE54-9A1E7A4F7556}") = "WebAPI", "src\WebAPI\WebAPI.csproj", "{1DE8A7BB-C063-410F-A61D-40DAC6973CA3}"
EndProject
Project("{FAE04EC0-301F-11D3-BF4B-00C04F79EFBC}") = "Application", "src\Application\Application.csproj", "{2D625B5C-8D5F-41B6-8115-BD600FA28604}"
EndProject
Project("{FAE04EC0-301F-11D3-BF4B-00C04F79EFBC}") = "Domain", "src\Domain\Domain.csproj", "{04EF07A2-9F7D-442F-ABD1-134F26F024C3}"
EndProject
Project("{FAE04EC0-301F-11D3-BF4B-00C04F79EFBC}") = "Infrastructure", "src\Infrastructure\Infrastructure.csproj", "{644F12A9-E681-4056-B8C6-D523068A4DE3}"
EndProject
Project("{FAE04EC0-301F-11D3-BF4B-00C04F79EFBC}") = "Application.IntegrationTests", "tests\Application.IntegrationTests\Application.IntegrationTests.csproj", "{DFCAB248-ADF5-46CB-A0AC-D23B5C037724}"
EndProject
Project("{FAE04EC0-301F-11D3-BF4B-00C04F79EFBC}") = "Application.UnitTests", "tests\Application.UnitTests\Application.UnitTests.csproj", "{0FC89C73-EDEC-45EB-AEE1-04709CEBF694}"
EndProject
Project("{FAE04EC0-301F-11D3-BF4B-00C04F79EFBC}") = "Domain.UnitTests", "tests\Domain.UnitTests\Domain.UnitTests.csproj", "{5328A1E0-B345-497E-80AD-47B8F8FACFE8}"
EndProject
Project("{FAE04EC0-301F-11D3-BF4B-00C04F79EFBC}") = "CheckInConsole", "additional\CheckInConsole\CheckInConsole.csproj", "{CE099AA7-0087-4883-B97A-ED5F5F001E39}"
EndProject
Global
	GlobalSection(SolutionConfigurationPlatforms) = preSolution
		Debug|Any CPU = Debug|Any CPU
		Release|Any CPU = Release|Any CPU
	EndGlobalSection
	GlobalSection(ProjectConfigurationPlatforms) = postSolution
		{1DE8A7BB-C063-410F-A61D-40DAC6973CA3}.Debug|Any CPU.ActiveCfg = Debug|Any CPU
		{1DE8A7BB-C063-410F-A61D-40DAC6973CA3}.Debug|Any CPU.Build.0 = Debug|Any CPU
		{1DE8A7BB-C063-410F-A61D-40DAC6973CA3}.Release|Any CPU.ActiveCfg = Release|Any CPU
		{1DE8A7BB-C063-410F-A61D-40DAC6973CA3}.Release|Any CPU.Build.0 = Release|Any CPU
		{2D625B5C-8D5F-41B6-8115-BD600FA28604}.Debug|Any CPU.ActiveCfg = Debug|Any CPU
		{2D625B5C-8D5F-41B6-8115-BD600FA28604}.Debug|Any CPU.Build.0 = Debug|Any CPU
		{2D625B5C-8D5F-41B6-8115-BD600FA28604}.Release|Any CPU.ActiveCfg = Release|Any CPU
		{2D625B5C-8D5F-41B6-8115-BD600FA28604}.Release|Any CPU.Build.0 = Release|Any CPU
		{04EF07A2-9F7D-442F-ABD1-134F26F024C3}.Debug|Any CPU.ActiveCfg = Debug|Any CPU
		{04EF07A2-9F7D-442F-ABD1-134F26F024C3}.Debug|Any CPU.Build.0 = Debug|Any CPU
		{04EF07A2-9F7D-442F-ABD1-134F26F024C3}.Release|Any CPU.ActiveCfg = Release|Any CPU
		{04EF07A2-9F7D-442F-ABD1-134F26F024C3}.Release|Any CPU.Build.0 = Release|Any CPU
		{644F12A9-E681-4056-B8C6-D523068A4DE3}.Debug|Any CPU.ActiveCfg = Debug|Any CPU
		{644F12A9-E681-4056-B8C6-D523068A4DE3}.Debug|Any CPU.Build.0 = Debug|Any CPU
		{644F12A9-E681-4056-B8C6-D523068A4DE3}.Release|Any CPU.ActiveCfg = Release|Any CPU
		{644F12A9-E681-4056-B8C6-D523068A4DE3}.Release|Any CPU.Build.0 = Release|Any CPU
		{DFCAB248-ADF5-46CB-A0AC-D23B5C037724}.Debug|Any CPU.ActiveCfg = Debug|Any CPU
		{DFCAB248-ADF5-46CB-A0AC-D23B5C037724}.Debug|Any CPU.Build.0 = Debug|Any CPU
		{DFCAB248-ADF5-46CB-A0AC-D23B5C037724}.Release|Any CPU.ActiveCfg = Release|Any CPU
		{DFCAB248-ADF5-46CB-A0AC-D23B5C037724}.Release|Any CPU.Build.0 = Release|Any CPU
		{0FC89C73-EDEC-45EB-AEE1-04709CEBF694}.Debug|Any CPU.ActiveCfg = Debug|Any CPU
		{0FC89C73-EDEC-45EB-AEE1-04709CEBF694}.Debug|Any CPU.Build.0 = Debug|Any CPU
		{0FC89C73-EDEC-45EB-AEE1-04709CEBF694}.Release|Any CPU.ActiveCfg = Release|Any CPU
		{0FC89C73-EDEC-45EB-AEE1-04709CEBF694}.Release|Any CPU.Build.0 = Release|Any CPU
		{5328A1E0-B345-497E-80AD-47B8F8FACFE8}.Debug|Any CPU.ActiveCfg = Debug|Any CPU
		{5328A1E0-B345-497E-80AD-47B8F8FACFE8}.Debug|Any CPU.Build.0 = Debug|Any CPU
		{5328A1E0-B345-497E-80AD-47B8F8FACFE8}.Release|Any CPU.ActiveCfg = Release|Any CPU
		{5328A1E0-B345-497E-80AD-47B8F8FACFE8}.Release|Any CPU.Build.0 = Release|Any CPU
		{CE099AA7-0087-4883-B97A-ED5F5F001E39}.Debug|Any CPU.ActiveCfg = Debug|Any CPU
		{CE099AA7-0087-4883-B97A-ED5F5F001E39}.Debug|Any CPU.Build.0 = Debug|Any CPU
		{CE099AA7-0087-4883-B97A-ED5F5F001E39}.Release|Any CPU.ActiveCfg = Release|Any CPU
		{CE099AA7-0087-4883-B97A-ED5F5F001E39}.Release|Any CPU.Build.0 = Release|Any CPU
	EndGlobalSection
	GlobalSection(SolutionProperties) = preSolution
		HideSolutionNode = FALSE
	EndGlobalSection
	GlobalSection(NestedProjects) = preSolution
		{1DE8A7BB-C063-410F-A61D-40DAC6973CA3} = {7322EDA3-422B-4462-BAB6-92B0A0E7C24B}
		{2D625B5C-8D5F-41B6-8115-BD600FA28604} = {7322EDA3-422B-4462-BAB6-92B0A0E7C24B}
		{04EF07A2-9F7D-442F-ABD1-134F26F024C3} = {7322EDA3-422B-4462-BAB6-92B0A0E7C24B}
		{644F12A9-E681-4056-B8C6-D523068A4DE3} = {7322EDA3-422B-4462-BAB6-92B0A0E7C24B}
		{DFCAB248-ADF5-46CB-A0AC-D23B5C037724} = {F32BF54F-D21C-45C5-9523-3C5950305AC2}
		{0FC89C73-EDEC-45EB-AEE1-04709CEBF694} = {F32BF54F-D21C-45C5-9523-3C5950305AC2}
		{5328A1E0-B345-497E-80AD-47B8F8FACFE8} = {F32BF54F-D21C-45C5-9523-3C5950305AC2}
		{CE099AA7-0087-4883-B97A-ED5F5F001E39} = {E08D37D2-56F3-44BC-90B0-41C9484A8834}
	EndGlobalSection
	GlobalSection(ExtensibilityGlobals) = postSolution
		SolutionGuid = {FC129E19-8E6A-4E28-94BC-C44E966828DA}
	EndGlobalSection
EndGlobal
